
Microsoft Visual Studio Solution File, Format Version 11.00
# Visual Studio 2010
Project("{8BC9CEB8-8B4A-11D0-8D11-00A0C91BC942}") = "CircleFitting", "CircleFitting\CircleFitting.vcxproj", "{D435ABF5-D3A3-45E4-A42B-969DEA09F2E0}"
EndProject
Global
	GlobalSection(SolutionConfigurationPlatforms) = preSolution
		Debug|Win32 = Debug|Win32
		Release|Win32 = Release|Win32
	EndGlobalSection
	GlobalSection(ProjectConfigurationPlatforms) = postSolution
		{D435ABF5-D3A3-45E4-A42B-969DEA09F2E0}.Debug|Win32.ActiveCfg = Debug|Win32
		{D435ABF5-D3A3-45E4-A42B-969DEA09F2E0}.Debug|Win32.Build.0 = Debug|Win32
		{D435ABF5-D3A3-45E4-A42B-969DEA09F2E0}.Release|Win32.ActiveCfg = Release|Win32
		{D435ABF5-D3A3-45E4-A42B-969DEA09F2E0}.Release|Win32.Build.0 = Release|Win32
	EndGlobalSection
	GlobalSection(SolutionProperties) = preSolution
		HideSolutionNode = FALSE
	EndGlobalSection
EndGlobal
